Microsoft Visual Studio Solution File, Format Version 12.00
# Visual Studio Version 17
VisualStudioVersion = 17.4.33403.182
MinimumVisualStudioVersion = 10.0.40219.1
Project("{9A19103F-16F7-4668-BE54-9A1E7A4F7556}") = "NetGun", "NetGun\NetGun.csproj", "{D6D982DA-7780-4060-AFB3-AF2F56E7BACD}"
EndProject
Global
	GlobalSection(SolutionConfigurationPlatforms) = preSolution
		Debug|Any CPU = Debug|Any CPU
		Release|Any CPU = Release|Any CPU
	EndGlobalSection
	GlobalSection(ProjectConfigurationPlatforms) = postSolution
		{D6D982DA-7780-4060-AFB3-AF2F56E7BACD}.Debug|Any CPU.ActiveCfg = Debug|Any CPU
		{D6D982DA-7780-4060-AFB3-AF2F56E7BACD}.Debug|Any CPU.Build.0 = Debug|Any CPU
		{D6D982DA-7780-4060-AFB3-AF2F56E7BACD}.Release|Any CPU.ActiveCfg = Release|Any CPU
		{D6D982DA-7780-4060-AFB3-AF2F56E7BACD}.Release|Any CPU.Build.0 = Release|Any CPU
	EndGlobalSection
	GlobalSection(SolutionProperties) = preSolution
		HideSolutionNode = FALSE
	EndGlobalSection
	GlobalSection(ExtensibilityGlobals) = postSolution
		SolutionGuid = {7bc41cba-2b71-4419-ae10-a9398ab9a25c}
	EndGlobalSection
EndGlobal
